github.com/agext/levenshtein v0.0.0-20170217063020-5f10fee96522 h1:PJx4mWPiflXYisC4H6N89sUJjRtWzRBt0TGCYRBELwI=
github.com/agext/levenshtein v0.0.0-20170217063020-5f10fee96522/go.mod h1:JEDfjyjHDjOF/1e4FlBE/PkbqA9OfWu2ki2W0IB5558=
github.com/akamai/AkamaiOPEN-edgegrid-golang v0.0.0-20180409061055-196fbdab2db6 h1:8p1gPK1QJNaep8CO9K3cutkd1YUoxXxDKEtXfwbSfHE=
github.com/akamai/AkamaiOPEN-edgegrid-golang v0.0.0-20180409061055-196fbdab2db6/go.mod h1:eXWHAoXwqXM7CFZpE8zdz9OVRk4G8BCR1mDwYvIyFsA=
github.com/akamai/AkamaiOPEN-edgegrid-golang v0.7.4 h1:LNhFHR2IQSpk7wdEVoEgRSaV2jcvKdgRojp7//21jqI=
github.com/apparentlymart/go-cidr v0.0.0-20170616213631-2bd8b58cf427 h1:2P/DTyNDU+7qJOB6E5KeIpdc3qcT9IYjyA8hZ9HGz50=
github.com/apparentlymart/go-cidr v0.0.0-20170616213631-2bd8b58cf427/go.mod h1:EBcsNrHc3zQeuaeCeCtQruQm+n9/YjEn/vI25Lg7Gwc=
github.com/apparentlymart/go-textseg v0.0.0-20170531203952-b836f5c4d331 h1:AIKxo1t7QE7MAqADwrmzMiaFC+QfHfXOk8lrmibN5Lk=
github.com/apparentlymart/go-textseg v0.0.0-20170531203952-b836f5c4d331/go.mod h1:z96Txxhf3xSFMPmb5X/1W05FF/Nj9VFpLOpjS5yuumk=
github.com/armon/go-radix v0.0.0-20170727155443-1fca145dffbc h1:/WQ8Tr5zbclKWAtvafIcAk/njNpW3gtd22TLLouv+6Q=
github.com/armon/go-radix v0.0.0-20170727155443-1fca145dffbc/go.mod h1:ufUuZ+zHj4x4TnLV4JWEpy2hxWSpsRywHrMgIH9cCH8=
github.com/aws/aws-sdk-go v0.0.0-20180611212329-d2d4fca90395 h1:k5sxCl1UCga3Hz6HbUZa3LLPc8G5GGWrA9lN8aztc1Y=
github.com/aws/aws-sdk-go v0.0.0-20180611212329-d2d4fca90395/go.mod h1:ZRmQr0FajVIyZ4ZzBYKG5P3ZqPz9IHG41ZoMu1ADI3k=
github.com/bgentry/go-netrc v0.0.0-20140422174119-9fd32a8b3d3d h1:xDfNPAt8lFiC1UJrqV3uuy861HCTo708pDMbjHHdCas=
github.com/bgentry/go-netrc v0.0.0-20140422174119-9fd32a8b3d3d/go.mod h1:6QX/PXZ00z/TKoufEY6K/a0k6AhaJrQKdFe6OfVXsa4=
github.com/bgentry/speakeasy v0.0.0-20170417200703-4aabc24848ce h1:57JUl8rlrsRjz22Sv6/KTbQZ1QOF2sSbKyLPSiV3QO4=
github.com/bgentry/speakeasy v0.0.0-20170417200703-4aabc24848ce/go.mod h1:+zsyZBPWlz7T6j88CTgSN5bM796AkVf0kBD4zp0CCIs=
github.com/blang/semver v0.0.0-20170727064818-2ee87856327b h1:rm97s2hx0swURhod3sqcvqU9LNhx/OcIyynGMbrBC0c=
github.com/blang/semver v0.0.0-20170727064818-2ee87856327b/go.mod h1:kRBLl5iJ+tD4TcOOxsy/0fnwebNt5EWlYSAyrTnjyyk=
github.com/davecgh/go-spew v0.0.0-20161029205726-346938d642f2/go.mod h1:J7Y8YcW2NihsgmVo/mv3lAwl/skON4iLHjSsI+c5H38=
github.com/fatih/color v0.0.0-20180515205303-5b77d2a35fb0 h1:jYOMtOIixC70FBeJawHQ0G0tU5Um+HDe4QgDYH+zMuA=
github.com/fatih/color v0.0.0-20180515205303-5b77d2a35fb0/go.mod h1:Zm6kSWBoL9eyXnKyktHP6abPY2pDugNf5KwzbycvMj4=
github.com/go-ini/ini v0.0.0-20180526224542-06f5f3d67269 h1:SByubyLBVrCDxWXkxFN8zJw3t8nKbaFlfSaA7439XbY=
github.com/go-ini/ini v0.0.0-20180526224542-06f5f3d67269/go.mod h1:ByCAeIL28uOIIG0E3PJtZPDL8WnHpFKFOtgjp+3Ies8=
github.com/golang/protobuf v0.0.0-20180430185241-b4deda0973fb h1:EmB/puqHjeU9QEmbLPNJLa8uZF80nvHX6pMff1JNaPo=
github.com/golang/protobuf v0.0.0-20180430185241-b4deda0973fb/go.mod h1:6lQm79b+lXiMfvg/cZm0SGofjICqVBUtrP5yJMmIC1U=
github.com/google/uuid v0.0.0-20161128191214-064e2069ce9c h1:jWtZjFEUE/Bz0IeIhqCnyZ3HG6KRXSntXe4SjtuTH7c=
github.com/google/uuid v0.0.0-20161128191214-064e2069ce9c/go.mod h1:TIyPZe4MgqvfeYDBFedMoGGpEw/LqOeaOT+nhxU+yHo=
github.com/hashicorp/errwrap v0.0.0-20141028054710-7554cd9344ce h1:prjrVgOk2Yg6w+PflHoszQNLTUh4kaByUcEWM/9uin4=
github.com/hashicorp/errwrap v0.0.0-20141028054710-7554cd9344ce/go.mod h1:YH+1FKiLXxHSkmPseP+kNlulaMuP3n2brvKWEqk/Jc4=
github.com/hashicorp/go-cleanhttp v0.0.0-20171218145408-d5fe4b57a186 h1:URgjUo+bs1KwatoNbwG0uCO4dHN4r1jsp4a5AGgHRjo=
github.com/hashicorp/go-cleanhttp v0.0.0-20171218145408-d5fe4b57a186/go.mod h1:JpRdi6/HCYpAwUzNwuwqhbovhLtngrth3wmdIIUrZ80=
github.com/hashicorp/go-getter v0.0.0-20180425224130-3f60ec5cfbb2 h1:agL7j8d6LC/7Kwq5qvIl6mC5jC14ANY+MlnhWjmzmSs=
github.com/hashicorp/go-getter v0.0.0-20180425224130-3f60ec5cfbb2/go.mod h1:6rdJFnhkXnzGOJbvkrdv4t9nLwKcVA+tmbQeUlkIzrU=
github.com/hashicorp/go-hclog v0.0.0-20180402200405-69ff559dc25f h1:t34t/ySFIGsPOLQ/dCcKeCoErlqhXlNLYvPn7mVogzo=
github.com/hashicorp/go-hclog v0.0.0-20180402200405-69ff559dc25f/go.mod h1:9bjs9uLqI8l75knNv3lV1kA55veR+WUPSiKIWcQHudI=
github.com/hashicorp/go-multierror v0.0.0-20171204182908-b7773ae21874 h1:em+tTnzgU7N22woTBMcSJAOW7tRHAkK597W+MD/CpK8=
github.com/hashicorp/go-multierror v0.0.0-20171204182908-b7773ae21874/go.mod h1:JMRHfdO9jKNzS/+BTlxCjKNQHg/jZAft8U7LloJvN7I=
github.com/hashicorp/go-plugin v0.0.0-20180331002553-e8d22c780116 h1:Y4V/yReWjQo/Ngyc0w6C3EKXKincp4YgvXeo8lI4LrI=
github.com/hashicorp/go-plugin v0.0.0-20180331002553-e8d22c780116/go.mod h1:JSqWYsict+jzcj0+xElxyrBQRPNoiWQuddnxArJ7XHQ=
github.com/hashicorp/go-safetemp v0.0.0-20180326211150-b1a1dbde6fdc h1:wAa9fGALVHfjYxZuXRnmuJG2CnwRpJYOTvY6YdErAh0=
github.com/hashicorp/go-safetemp v0.0.0-20180326211150-b1a1dbde6fdc/go.mod h1:oaerMy3BhqiTbVye6QuFhFtIceqFoDHxNAB65b+Rj1I=
github.com/hashicorp/go-uuid v0.0.0-20180228145832-27454136f036 h1:d8T6WIONl4rMCPcQ/eY3uSz3+e4/GaoflKjXrWMex1U=
github.com/hashicorp/go-uuid v0.0.0-20180228145832-27454136f036/go.mod h1:6SBZvOh/SIDV7/2o3Jml5SYk/TvGqwFJ/bN7x4byOro=
github.com/hashicorp/go-version v0.0.0-20180322230233-23480c066577 h1:at4+18LrM8myamuV7/vT6x2s1JNXp2k4PsSbt4I02X4=
github.com/hashicorp/go-version v0.0.0-20180322230233-23480c066577/go.mod h1:fltr4n8CU8Ke44wwGCBoEymUuxUHl09ZGVZPK5anwXA=
github.com/hashicorp/go-version v1.0.0 h1:21MVWPKDphxa7ineQQTrCU5brh7OuVVAzGOCnnCPtE8=
github.com/hashicorp/go-version v1.0.0/go.mod h1:fltr4n8CU8Ke44wwGCBoEymUuxUHl09ZGVZPK5anwXA=
github.com/hashicorp/hcl v0.0.0-20180404174102-ef8a98b0bbce h1:xdsDDbiBDQTKASoGEZ+pEmF1OnWuu8AQ9I8iNbHNeno=
github.com/hashicorp/hcl v0.0.0-20180404174102-ef8a98b0bbce/go.mod h1:oZtUIOe8dh44I2q6ScRibXws4Ajl+d+nod3AaR9vL5w=
github.com/hashicorp/hcl2 v0.0.0-20180524191153-36446359d275 h1:b+9qNHCGlY+GF8wTk12TxPNB3JSSvzSiOnaVoDR9ZLM=
github.com/hashicorp/hcl2 v0.0.0-20180524191153-36446359d275/go.mod h1:xp1eMAxqhQKBxz+yQUTsig9bBMRRWRWw+rK3FJmHf/A=
github.com/hashicorp/hil v0.0.0-20170627220502-fa9f258a9250 h1:fooK5IvDL/KIsi4LxF/JH68nVdrBSiGNPhS2JAQjtjo=
github.com/hashicorp/hil v0.0.0-20170627220502-fa9f258a9250/go.mod h1:KHvg/R2/dPtaePb16oW4qIyzkMxXOL38xjRN64adsts=
github.com/hashicorp/logutils v0.0.0-20150609070431-0dc08b1671f3/go.mod h1:QIAnNjmIWmVIIkWDTG1z5v++HQmx9WQRO+LraFDTW64=
github.com/hashicorp/terraform v0.0.0-20180410165042-41e50bd32a88 h1:62JL0Y8oB9xwptvgjhFrvG+W1TTLIjxDIfEnczxLmjI=
github.com/hashicorp/terraform v0.0.0-20180410165042-41e50bd32a88/go.mod h1:uN1KUiT7Wdg61fPwsGXQwK3c8PmpIVZrt5Vcb1VrSoM=
github.com/hashicorp/yamux v0.0.0-20180604194846-3520598351bb h1:b5rjCoWHc7eqmAS4/qyk21ZsHyb6Mxv/jykxvNTkU4M=
github.com/hashicorp/yamux v0.0.0-20180604194846-3520598351bb/go.mod h1:+NfK9FKeTrX5uv1uIXGdwYDTeHna2qgaIlx54MXqjAM=
github.com/jmespath/go-jmespath v0.0.0-20160202185014-0b12d6b521d8 h1:12VvqtR6Aowv3l/EQUlocDHW2Cp4G9WJVH7uyH8QFJE=
github.com/jmespath/go-jmespath v0.0.0-20160202185014-0b12d6b521d8/go.mod h1:Nht3zPeWKUH0NzdCt2Blrr5ys8VGpn0CEB0cQHVjt7k=
github.com/mattn/go-colorable v0.0.0-20170801030607-167de6bfdfba h1:e8Sgrnh3Pq5+45PxNNDqUQmsBBAxpDjCN+8xuJYJDYw=
github.com/mattn/go-colorable v0.0.0-20170801030607-167de6bfdfba/go.mod h1:9vuHe8Xs5qXnSaW/c/ABM9alt+Vo+STaOChaDxuIBZU=
github.com/mattn/go-isatty v0.0.0-20170925053441-0360b2af4f38 h1:kqvWp7a1XXbbQiLvwb+vFgdBhM/aaBwixEBH1xuYCpU=
github.com/mattn/go-isatty v0.0.0-20170925053441-0360b2af4f38/go.mod h1:M+lRXTBqGeGNdLjl/ufCoiOlB5xdOkqRJdNxMWT7Zi4=
github.com/mitchellh/cli v0.0.0-20180414170447-c48282d14eba h1:IALnmz21QHkTL3jVVCLUvY6iYxpfIObBg5dd0017AjM=
github.com/mitchellh/cli v0.0.0-20180414170447-c48282d14eba/go.mod h1:oGumspjLm2kTyiT1QMGpFqRlmxnKHfCvhZEVnx+5UeE=
github.com/mitchellh/copystructure v0.0.0-20170525013902-d23ffcb85de3 h1:dECZqiJYhKdj9QlLpiQaRDXHDXRTdiyZI3owdDGhlYY=
github.com/mitchellh/copystructure v0.0.0-20170525013902-d23ffcb85de3/go.mod h1:eOsF2yLPlBBJPvD+nhl5QMTBSOBbOph6N7j/IDUw7PY=
github.com/mitchellh/go-homedir v0.0.0-20180523094522-3864e76763d9 h1:Y94YB7jrsihrbGSqRNMwRWJ2/dCxr0hdC2oPRohkx0A=
github.com/mitchellh/go-homedir v0.0.0-20180523094522-3864e76763d9/go.mod h1:SfyaCUpYCn1Vlf4IUYiD9fPX4A5wJrkLzIz1N1q0pr0=
github.com/mitchellh/go-testing-interface v0.0.0-20171004221916-a61a99592b77 h1:7GoSOOW2jpsfkntVKaS2rAr1TJqfcxotyaUcuxoZSzg=
github.com/mitchellh/go-testing-interface v0.0.0-20171004221916-a61a99592b77/go.mod h1:kRemZodwjscx+RGhAo8eIhFbs2+BFgRtFPeD/KE+zxI=
github.com/mitchellh/go-wordwrap v0.0.0-20150314170334-ad45545899c7 h1:DpOJ2HYzCv8LZP15IdmG+YdwD2luVPHITV96TkirNBM=
github.com/mitchellh/go-wordwrap v0.0.0-20150314170334-ad45545899c7/go.mod h1:ZXFpozHsX6DPmq2I0TCekCxypsnAUbP2oI0UX1GXzOo=
github.com/mitchellh/gox v1.0.1 h1:x0jD3dcHk9a9xPSDN6YEL4xL6Qz0dvNYm8yZqui5chI=
github.com/mitchellh/gox v1.0.1/go.mod h1:ED6BioOGXMswlXa2zxfh/xdd5QhwYliBFn9V18Ap4z4=
github.com/mitchellh/hashstructure v0.0.0-20170609045927-2bca23e0e452 h1:hOY53G+kBFhbYFpRVxHl5eS7laP6B1+Cq+Z9Dry1iMU=
github.com/mitchellh/hashstructure v0.0.0-20170609045927-2bca23e0e452/go.mod h1:QjSHrPWS+BGUVBYkbTZWEnOh3G1DutKwClXU/ABz6AQ=
github.com/mitchellh/iochan v1.0.0 h1:C+X3KsSTLFVBr/tK1eYN/vs4rJcvsiLU338UhYPJWeY=
github.com/mitchellh/iochan v1.0.0/go.mod h1:JwYml1nuB7xOzsp52dPpHFffvOCDupsG0QubkSMEySY=
github.com/mitchellh/mapstructure v0.0.0-20180511142126-bb74f1db0675 h1:/rdJjIiKG5rRdwG5yxHmSE/7ZREjpyC0kL7GxGT/qJw=
github.com/mitchellh/mapstructure v0.0.0-20180511142126-bb74f1db0675/go.mod h1:FVVH3fgwuzCH5S8UJGiWEs2h04kUh9fWfEaFds41c1Y=
github.com/mitchellh/reflectwalk v0.0.0-20170726202117-63d60e9d0dbc h1:gqYjvctjtX4GHzgfutJxZpvZ7XhGwQLGR5BASwhpO2o=
github.com/mitchellh/reflectwalk v0.0.0-20170726202117-63d60e9d0dbc/go.mod h1:mSTlrgnPZtwu0c4WaC2kGObEpuNDbx0jmZXqmk4esnw=
github.com/oklog/run v0.0.0-20171114002935-4dadeb3030ed h1:qVTmeLC/dVhBbYHas/IXlP9TIeA4/RElpy8N6TnWwHg=
github.com/oklog/run v0.0.0-20171114002935-4dadeb3030ed/go.mod h1:dlhp/R75TPv97u0XWUtDeV/lRKWPKSdTuV0TZvrmrQA=
github.com/posener/complete v0.0.0-20180309062432-98eb9847f27b h1:wLT3f/sChur831+0EuDUZFOK+6ZbBDdf4MR+TVCsedk=
github.com/posener/complete v0.0.0-20180309062432-98eb9847f27b/go.mod h1:em0nMJCgc9GFtwrmVmEMR/ZL6WyhyjMBndrE9hABlRI=
github.com/sirupsen/logrus v0.0.0-20180311225137-c155da19408a h1:BdtAet9JHIELmj02kNII5x3QkEHLCJjLfIMzcxjx6xM=
github.com/sirupsen/logrus v0.0.0-20180311225137-c155da19408a/go.mod h1:pMByvHTf9Beacp5x1UXfOR9xyW/9antXMhjMPG0dEzc=
github.com/tidwall/gjson v1.2.1 h1:j0efZLrZUvNerEf6xqoi0NjWMK5YlLrR7Guo/dxY174=
github.com/tidwall/gjson v1.2.1/go.mod h1:c/nTNbUr0E0OrXEhq1pwa8iEgc2DOt4ZZqAt1HtCkPA=
github.com/tidwall/match v1.0.1 h1:PnKP62LPNxHKTwvHHZZzdOAOCtsJTjo6dZLCwpKm5xc=
github.com/tidwall/match v1.0.1/go.mod h1:LujAq0jyVjBy028G1WhWfIzbpQfMO8bBZ6Tyb0+pL9E=
github.com/tidwall/pretty v0.0.0-20190325153808-1166b9ac2b65 h1:rQ229MBgvW68s1/g6f1/63TgYwYxfF4E+bi/KC19P8g=
github.com/tidwall/pretty v0.0.0-20190325153808-1166b9ac2b65/go.mod h1:XNkn88O1ChpSDQmQeStsy+sBenx6DDtFZJxhVysOjyk=
github.com/ulikunitz/xz v0.0.0-20170605215311-0c6b41e72360 h1:7HohKfOKmDUbFtY1iKvWk4aQNysDr7UyGvxqQ53V3ms=
github.com/ulikunitz/xz v0.0.0-20170605215311-0c6b41e72360/go.mod h1:2bypXElzHzzJZwzH67Y6wb67pO62Rzfn7BSiF4ABRW8=
github.com/xeipuuv/gojsonpointer v0.0.0-20180127040702-4e3ac2762d5f h1:J9EGpcZtP0E/raorCMxlFGSTBrsSlaDGf3jU/qvAE2c=
github.com/xeipuuv/gojsonpointer v0.0.0-20180127040702-4e3ac2762d5f/go.mod h1:N2zxlSyiKSe5eX1tZViRH5QA0qijqEDrYZiPEAiq3wU=
github.com/xeipuuv/gojsonreference v0.0.0-20180127040603-bd5ef7bd5415 h1:EzJWgHovont7NscjpAxXsDA8S8BMYve8Y5+7cuRE7R0=
github.com/xeipuuv/gojsonreference v0.0.0-20180127040603-bd5ef7bd5415/go.mod h1:GwrjFmJcFw6At/Gs6z4yjiIwzuJ1/+UwLxMQDVQXShQ=
github.com/xeipuuv/gojsonschema v0.0.0-20180525140004-9ff6d6c47f3f h1:EBWfD5r1MVVxiombu1Vf2YWSdMlqRYTu6B3juBhCnNc=
github.com/xeipuuv/gojsonschema v0.0.0-20180525140004-9ff6d6c47f3f/go.mod h1:5yf86TLmAcydyeJq5YvxkGPE2fm/u4myDekKRoLuqhs=
github.com/zclconf/go-cty v0.0.0-20180524003106-ba988ce11d99 h1:VfpLp8VjBgQJ1rqDPeOuo0EVW5VyE2a3UeWpYo9Xc2c=
github.com/zclconf/go-cty v0.0.0-20180524003106-ba988ce11d99/go.mod h1:LnDKxj8gN4aatfXUqmUNooaDjvmDcLPbAN3hYBIVoJE=
golang.org/x/crypto v0.0.0-20180608092829-8ac0e0d97ce4 h1:wviDUSmtheHRBfoY8B9U8ELl2USoXi2YFwdGdpIIkzI=
golang.org/x/crypto v0.0.0-20180608092829-8ac0e0d97ce4/go.mod h1:6SG95UA2DQfeDnfUPMdvaQW0Q7yPrPDi9nlGo2tz2b4=
golang.org/x/net v0.0.0-20180611182652-db08ff08e862 h1:JZi6BqOZ+iSgmLWe6llhGrNnEnK+YB/MRkStwnEfbqM=
golang.org/x/net v0.0.0-20180611182652-db08ff08e862/go.mod h1:mL1N/T3taQHkDXs73rZJwtUhF3w3ftmwwsq0BUmARs4=
golang.org/x/sys v0.0.0-20180612142214-a9e25c09b96b h1:Alsw3Wc6E7GDN4eBfL2kDsr2kGY3jIK80LVwqVmSQQA=
golang.org/x/sys v0.0.0-20180612142214-a9e25c09b96b/go.mod h1:STP8DvDyc/dI5b8T5hshtkjS+E42TnysNCUPdjciGhY=
golang.org/x/text v0.0.0-20171214130843-f21a4dfb5e38 h1:yr7ItWHARpqySNZjEh5mPMHrw3xPR9tMnomFZVcO1mQ=
golang.org/x/text v0.0.0-20171214130843-f21a4dfb5e38/go.mod h1:NqM8EUOU14njkJ3fqMW+pc6Ldnwhi/IjpwHt7yyuwOQ=
google.golang.org/genproto v0.0.0-20180608181217-32ee49c4dd80 h1:GL7nK1hkDKrkor0eVOYcMdIsUGErFnaC2gpBOVC+vbI=
google.golang.org/genproto v0.0.0-20180608181217-32ee49c4dd80/go.mod h1:JiN7NxoALGmiZfu7CAH4rXhgtRTLTxftemlI0sWmxmc=
google.golang.org/grpc v0.0.0-20180607172857-7a6a684ca69e h1:bxv1PRXnl+QcPMYhB44QIpcTyMQg2fXbMsEaDzfmKhQ=
google.golang.org/grpc v0.0.0-20180607172857-7a6a684ca69e/go.mod h1:yo6s7OP7yaDglbqo1J04qKzAhqBH6lvTonzMVmEdcZw=
